{
  "version": 1,
  "dependencies": {
    "net8.0-windows7.0": {
      "Microsoft.Extensions.DependencyInjection.Abstractions": {
        "type": "Direct",
        "requested": "[10.0.10, )",
        "resolved": "10.0.10",
        "contentHash": "z/2xXlFw2aLGjHyEm6E0tQ+In6VfzQzTrtArbQ2c0TQE16ZbyDCMGPvaUT9I0s8rgy9sRWlU2P9waW37qV04qA=="
      },
      "System.Text.Encoding.CodePages": {
        "type": "Transitive",
        "resolved": "10.0.10",
        "contentHash": "9dngR7sk2fW/FEbrTCSYNGjsv5IyJnZy9+LI39+55pci5ngiZrjqSkQbIMfZnsrJnyGzCFcQgrAA8sMqsXydyQ=="
      },
      "usbforensicaudit.domain": {
        "type": "Project",
        "dependencies": {
          "System.Text.Encoding.CodePages": "[10.0.10, )"
        }
      }
    },
    "net8.0-windows7.0/win-x64": {
      "System.Text.Encoding.CodePages": {
        "type": "Transitive",
        "resolved": "10.0.10",
        "contentHash": "9dngR7sk2fW/FEbrTCSYNGjsv5IyJnZy9+LI39+55pci5ngiZrjqSkQbIMfZnsrJnyGzCFcQgrAA8sMqsXydyQ=="
      }
    }
  }
}