{
  "version": 1,
  "dependencies": {
    "net8.0-windows7.0": {
      "System.Text.Encoding.CodePages": {
        "type": "Transitive",
        "resolved": "10.0.10",
        "contentHash": "9dngR7sk2fW/FEbrTCSYNGjsv5IyJnZy9+LI39+55pci5ngiZrjqSkQbIMfZnsrJnyGzCFcQgrAA8sMqsXydyQ=="
      },
      "usbforensicaudit.domain": {
        "type": "Project",
        "dependencies": {
          "System.Text.Encoding.CodePages": "[10.0.10, )"
        }
      }
    },
    "net8.0-windows7.0/win-x64": {
      "System.Text.Encoding.CodePages": {
        "type": "Transitive",
        "resolved": "10.0.10",
        "contentHash": "9dngR7sk2fW/FEbrTCSYNGjsv5IyJnZy9+LI39+55pci5ngiZrjqSkQbIMfZnsrJnyGzCFcQgrAA8sMqsXydyQ=="
      }
    }
  }
}